
Microsoft Visual Studio Solution File, Format Version 12.00
# Visual Studio 14
VisualStudioVersion = 14.0.25420.1
MinimumVisualStudioVersion = 10.0.40219.1
Project("{FAE04EC0-301F-11D3-BF4B-00C04F79EFBC}") = "RideshareAdmin.DBAccess", "RideshareAdmin.DBAccess\RideshareAdmin.DBAccess.csproj", "{3F7FFBD1-457E-4C02-AF6D-D483367BC423}"
EndProject
Project("{FAE04EC0-301F-11D3-BF4B-00C04F79EFBC}") = "RideshareAdmin.WebAPI", "RideshareAdmin.WebAPI\RideshareAdmin.WebAPI.csproj", "{9FA16860-21F6-47E3-A34A-AF76FE0A3F7F}"
EndProject
Project("{FAE04EC0-301F-11D3-BF4B-00C04F79EFBC}") = "RideshareAdmin.Services", "RideshareAdmin.Services\RideshareAdmin.Services.csproj", "{9D1B65A1-D617-4D4D-B0AC-63362F262423}"
EndProject
Project("{FAE04EC0-301F-11D3-BF4B-00C04F79EFBC}") = "RideshareAdmin.Console", "RideshareAdmin.Console\RideshareAdmin.Console.csproj", "{8D056CA2-6EB8-4C34-BFD8-C39D360B6800}"
EndProject
Project("{FAE04EC0-301F-11D3-BF4B-00C04F79EFBC}") = "BusinessEntities", "BusinessEntities\BusinessEntities.csproj", "{18F8856B-1FF9-4F03-8CD5-6B1A91CF5400}"
EndProject
Global
	GlobalSection(SolutionConfigurationPlatforms) = preSolution
		Debug|Any CPU = Debug|Any CPU
		Release|Any CPU = Release|Any CPU
	EndGlobalSection
	GlobalSection(ProjectConfigurationPlatforms) = postSolution
		{3F7FFBD1-457E-4C02-AF6D-D483367BC423}.Debug|Any CPU.ActiveCfg = Debug|Any CPU
		{3F7FFBD1-457E-4C02-AF6D-D483367BC423}.Debug|Any CPU.Build.0 = Debug|Any CPU
		{3F7FFBD1-457E-4C02-AF6D-D483367BC423}.Release|Any CPU.ActiveCfg = Release|Any CPU
		{3F7FFBD1-457E-4C02-AF6D-D483367BC423}.Release|Any CPU.Build.0 = Release|Any CPU
		{9FA16860-21F6-47E3-A34A-AF76FE0A3F7F}.Debug|Any CPU.ActiveCfg = Debug|Any CPU
		{9FA16860-21F6-47E3-A34A-AF76FE0A3F7F}.Debug|Any CPU.Build.0 = Debug|Any CPU
		{9FA16860-21F6-47E3-A34A-AF76FE0A3F7F}.Release|Any CPU.ActiveCfg = Release|Any CPU
		{9FA16860-21F6-47E3-A34A-AF76FE0A3F7F}.Release|Any CPU.Build.0 = Release|Any CPU
		{9D1B65A1-D617-4D4D-B0AC-63362F262423}.Debug|Any CPU.ActiveCfg = Debug|Any CPU
		{9D1B65A1-D617-4D4D-B0AC-63362F262423}.Debug|Any CPU.Build.0 = Debug|Any CPU
		{9D1B65A1-D617-4D4D-B0AC-63362F262423}.Release|Any CPU.ActiveCfg = Release|Any CPU
		{9D1B65A1-D617-4D4D-B0AC-63362F262423}.Release|Any CPU.Build.0 = Release|Any CPU
		{8D056CA2-6EB8-4C34-BFD8-C39D360B6800}.Debug|Any CPU.ActiveCfg = Debug|Any CPU
		{8D056CA2-6EB8-4C34-BFD8-C39D360B6800}.Debug|Any CPU.Build.0 = Debug|Any CPU
		{8D056CA2-6EB8-4C34-BFD8-C39D360B6800}.Release|Any CPU.ActiveCfg = Release|Any CPU
		{8D056CA2-6EB8-4C34-BFD8-C39D360B6800}.Release|Any CPU.Build.0 = Release|Any CPU
		{18F8856B-1FF9-4F03-8CD5-6B1A91CF5400}.Debug|Any CPU.ActiveCfg = Debug|Any CPU
		{18F8856B-1FF9-4F03-8CD5-6B1A91CF5400}.Debug|Any CPU.Build.0 = Debug|Any CPU
		{18F8856B-1FF9-4F03-8CD5-6B1A91CF5400}.Release|Any CPU.ActiveCfg = Release|Any CPU
		{18F8856B-1FF9-4F03-8CD5-6B1A91CF5400}.Release|Any CPU.Build.0 = Release|Any CPU
	EndGlobalSection
	GlobalSection(SolutionProperties) = preSolution
		HideSolutionNode = FALSE
	EndGlobalSection
EndGlobal
