
Microsoft Visual Studio Solution File, Format Version 12.00
# Visual Studio 14
VisualStudioVersion = 14.0.25420.1
MinimumVisualStudioVersion = 10.0.40219.1
Project("{FAE04EC0-301F-11D3-BF4B-00C04F79EFBC}") = "RideshareAdmin.DBAccess", "RideshareAdmin.DBAccess\RideshareAdmin.DBAccess.csproj", "{3F7FFBD1-457E-4C02-AF6D-D483367BC423}"
EndProject
Project("{FAE04EC0-301F-11D3-BF4B-00C04F79EFBC}") = "RideshareAdmin.WebAPI", "RideshareAdmin.WebAPI\RideshareAdmin.WebAPI.csproj", "{9FA16860-21F6-47E3-A34A-AF76FE0A3F7F}"
EndProject
Project("{FAE04EC0-301F-11D3-BF4B-00C04F79EFBC}") = "RideshareAdmin.WebUI", "RideshareAdmin.WebUI\RideshareAdmin.WebUI.csproj", "{D411FA1E-6BC4-43AD-8D77-1C8C259E6FB1}"
EndProject
Global
	GlobalSection(SolutionConfigurationPlatforms) = preSolution
		Debug|Any CPU = Debug|Any CPU
		Release|Any CPU = Release|Any CPU
	EndGlobalSection
	GlobalSection(ProjectConfigurationPlatforms) = postSolution
		{3F7FFBD1-457E-4C02-AF6D-D483367BC423}.Debug|Any CPU.ActiveCfg = Debug|Any CPU
		{3F7FFBD1-457E-4C02-AF6D-D483367BC423}.Debug|Any CPU.Build.0 = Debug|Any CPU
		{3F7FFBD1-457E-4C02-AF6D-D483367BC423}.Release|Any CPU.ActiveCfg = Release|Any CPU
		{3F7FFBD1-457E-4C02-AF6D-D483367BC423}.Release|Any CPU.Build.0 = Release|Any CPU
		{9FA16860-21F6-47E3-A34A-AF76FE0A3F7F}.Debug|Any CPU.ActiveCfg = Debug|Any CPU
		{9FA16860-21F6-47E3-A34A-AF76FE0A3F7F}.Debug|Any CPU.Build.0 = Debug|Any CPU
		{9FA16860-21F6-47E3-A34A-AF76FE0A3F7F}.Release|Any CPU.ActiveCfg = Release|Any CPU
		{9FA16860-21F6-47E3-A34A-AF76FE0A3F7F}.Release|Any CPU.Build.0 = Release|Any CPU
		{D411FA1E-6BC4-43AD-8D77-1C8C259E6FB1}.Debug|Any CPU.ActiveCfg = Debug|Any CPU
		{D411FA1E-6BC4-43AD-8D77-1C8C259E6FB1}.Debug|Any CPU.Build.0 = Debug|Any CPU
		{D411FA1E-6BC4-43AD-8D77-1C8C259E6FB1}.Release|Any CPU.ActiveCfg = Release|Any CPU
		{D411FA1E-6BC4-43AD-8D77-1C8C259E6FB1}.Release|Any CPU.Build.0 = Release|Any CPU
	EndGlobalSection
	GlobalSection(SolutionProperties) = preSolution
		HideSolutionNode = FALSE
	EndGlobalSection
EndGlobal
